Microsoft Visual Studio Solution File, Format Version 12.00
# Visual Studio Version 17
VisualStudioVersion = 17.5.2.0
MinimumVisualStudioVersion = 10.0.40219.1
Project("{FAE04EC0-301F-11D3-BF4B-00C04F79EFBC}") = "DotnetStarterKit", "DotnetStarterKit.csproj", "{B42BAC96-29E9-5D44-D7EE-940CC03F5F6C}"
EndProject
Global
	GlobalSection(SolutionConfigurationPlatforms) = preSolution
		Debug|Any CPU = Debug|Any CPU
		Release|Any CPU = Release|Any CPU
	EndGlobalSection
	GlobalSection(ProjectConfigurationPlatforms) = postSolution
		{B42BAC96-29E9-5D44-D7EE-940CC03F5F6C}.Debug|Any CPU.ActiveCfg = Debug|Any CPU
		{B42BAC96-29E9-5D44-D7EE-940CC03F5F6C}.Debug|Any CPU.Build.0 = Debug|Any CPU
		{B42BAC96-29E9-5D44-D7EE-940CC03F5F6C}.Release|Any CPU.ActiveCfg = Release|Any CPU
		{B42BAC96-29E9-5D44-D7EE-940CC03F5F6C}.Release|Any CPU.Build.0 = Release|Any CPU
	EndGlobalSection
	GlobalSection(SolutionProperties) = preSolution
		HideSolutionNode = FALSE
	EndGlobalSection
	GlobalSection(ExtensibilityGlobals) = postSolution
		SolutionGuid = {81DDBE33-B381-4181-B81F-52DB922A3219}
	EndGlobalSection
EndGlobal
